PODS:
  - BXForm (0.2.7):
    - BXiOSUtils
    - BXModel
    - PinAuto
  - BXiOSUtils (0.1.8)
  - BXModel (0.2.3):
    - SwiftyJSON
  - BXViewPager (0.1.4):
    - PinAuto
  - PinAuto (1.6)
  - PinAutoLayout (1.2.0)
  - SwiftyJSON (2.3.2)

DEPENDENCIES:
  - BXForm
  - BXViewPager (from `../`)
  - PinAutoLayout

EXTERNAL SOURCES:
  BXViewPager:
    :path: ../

SPEC CHECKSUMS:
  BXForm: 280722f03fc76c1f4c692bbadd928846360ea57b
  BXiOSUtils: c1355f78727837fd9d1d4c6cf1f6ccfca54fe7f7
  BXModel: 7b107003f758feea4f5634b89869f085e6a015cc
  BXViewPager: 8cd017fcb0f593448c5444bfb1f54dab76b5d6a0
  PinAuto: 3fea106a06036fedf49928e65a1bced151c02f8a
  PinAutoLayout: 5a6ecee564c659211993e623953dfe13592d75e6
  SwiftyJSON: 04ccea08915aa0109039157c7974cf0298da292a

PODFILE CHECKSUM: 0ae8779a963774a576683f923a1f193ec757b4e0

COCOAPODS: 1.0.0.beta.7
