PODS:
  - BXViewPager (0.1.1):
    - PinAutoLayout
  - PinAutoLayout (1.0.0)
  - Reveal-iOS-SDK (1.6.1)

DEPENDENCIES:
  - BXViewPager (from `../`)
  - PinAutoLayout
  - Reveal-iOS-SDK

EXTERNAL SOURCES:
  BXViewPager:
    :path: ../

SPEC CHECKSUMS:
  BXViewPager: 976c66ebd1bc9c5c216f2aeb5bc195d85165b927
  PinAutoLayout: 27a118d2aa1c39cdb6c0461829b9ca8ffcf6b706
  Reveal-iOS-SDK: ceae964076cebe3efe63e5e9abe3152efce46aa8

COCOAPODS: 0.39.0
